<Solution>
  <Project Path="Abstracciones/Abstracciones.csproj" />
  <Project Path="API/API.csproj" />
  <Project Path="DA/DA.csproj" />
  <Project Path="DB/DB.sqlproj" Id="ed5ae5ab-44e4-4d0b-9804-1840b0f14a09">
    <Build />
    <Deploy />
  </Project>
  <Project Path="Flujo/Flujo.csproj" />
  <Project Path="Reglas/Reglas.csproj" Id="e38e0ac4-10c1-43c5-9289-871c3b32e937" />
</Solution>
